
Microsoft Visual Studio Solution File, Format Version 12.00
# Visual Studio 15
VisualStudioVersion = 15.0.28307.136
MinimumVisualStudioVersion = 10.0.40219.1
Project("{F184B08F-C81C-45F6-A57F-5ABD9991F28F}") = "colorPicker", "colorPicker\colorPicker.vbproj", "{ADAB37CC-4A00-4854-87C4-95996660F58E}"
EndProject
Global
	GlobalSection(SolutionConfigurationPlatforms) = preSolution
		Debug|Any CPU = Debug|Any CPU
		Release|Any CPU = Release|Any CPU
	EndGlobalSection
	GlobalSection(ProjectConfigurationPlatforms) = postSolution
		{ADAB37CC-4A00-4854-87C4-95996660F58E}.Debug|Any CPU.ActiveCfg = Debug|Any CPU
		{ADAB37CC-4A00-4854-87C4-95996660F58E}.Debug|Any CPU.Build.0 = Debug|Any CPU
		{ADAB37CC-4A00-4854-87C4-95996660F58E}.Release|Any CPU.ActiveCfg = Release|Any CPU
		{ADAB37CC-4A00-4854-87C4-95996660F58E}.Release|Any CPU.Build.0 = Release|Any CPU
	EndGlobalSection
	GlobalSection(SolutionProperties) = preSolution
		HideSolutionNode = FALSE
	EndGlobalSection
	GlobalSection(ExtensibilityGlobals) = postSolution
		SolutionGuid = {8BAFC506-3196-452B-8F6F-FDF133574B17}
	EndGlobalSection
EndGlobal
